
Microsoft Visual Studio Solution File, Format Version 12.00
# Visual Studio 2012
Project("{FAE04EC0-301F-11D3-BF4B-00C04F79EFBC}") = "Chat", "Chat.csproj", "{D5B15855-2B9B-49C3-BAD1-0D951E03FEAF}"
EndProject
Global
	GlobalSection(SolutionConfigurationPlatforms) = preSolution
		Debug|Any CPU = Debug|Any CPU
		Release|Any CPU = Release|Any CPU
	EndGlobalSection
	GlobalSection(ProjectConfigurationPlatforms) = postSolution
		{D5B15855-2B9B-49C3-BAD1-0D951E03FEAF}.Debug|Any CPU.ActiveCfg = Debug|Any CPU
		{D5B15855-2B9B-49C3-BAD1-0D951E03FEAF}.Debug|Any CPU.Build.0 = Debug|Any CPU
		{D5B15855-2B9B-49C3-BAD1-0D951E03FEAF}.Release|Any CPU.ActiveCfg = Release|Any CPU
		{D5B15855-2B9B-49C3-BAD1-0D951E03FEAF}.Release|Any CPU.Build.0 = Release|Any CPU
	EndGlobalSection
	GlobalSection(SolutionProperties) = preSolution
		HideSolutionNode = FALSE
	EndGlobalSection
EndGlobal
