
Microsoft Visual Studio Solution File, Format Version 12.00
# Visual Studio 2012
Project("{CC5FD16D-436D-48AD-A40C-5A424C6E3E79}") = "Firework.Cloud", "Firework.Cloud\Firework.Cloud.ccproj", "{7E7D019F-5EB5-4DD9-893E-7B90478FF072}"
EndProject
Project("{FAE04EC0-301F-11D3-BF4B-00C04F79EFBC}") = "Firework.Web", "Firework.Web\Firework.Web.csproj", "{19DA9D1C-02ED-4B44-93C0-D3D32D300674}"
EndProject
Project("{2150E333-8FDC-42A3-9474-1A3956D46DE8}") = ".nuget", ".nuget", "{73366F72-C593-4E44-B4C2-65A3CF382952}"
	ProjectSection(SolutionItems) = preProject
		.nuget\NuGet.Config = .nuget\NuGet.Config
		.nuget\NuGet.exe = .nuget\NuGet.exe
		.nuget\NuGet.targets = .nuget\NuGet.targets
	EndProjectSection
EndProject
Global
	GlobalSection(SolutionConfigurationPlatforms) = preSolution
		Debug|Any CPU = Debug|Any CPU
		Release|Any CPU = Release|Any CPU
	EndGlobalSection
	GlobalSection(ProjectConfigurationPlatforms) = postSolution
		{7E7D019F-5EB5-4DD9-893E-7B90478FF072}.Debug|Any CPU.ActiveCfg = Debug|Any CPU
		{7E7D019F-5EB5-4DD9-893E-7B90478FF072}.Debug|Any CPU.Build.0 = Debug|Any CPU
		{7E7D019F-5EB5-4DD9-893E-7B90478FF072}.Release|Any CPU.ActiveCfg = Release|Any CPU
		{7E7D019F-5EB5-4DD9-893E-7B90478FF072}.Release|Any CPU.Build.0 = Release|Any CPU
		{19DA9D1C-02ED-4B44-93C0-D3D32D300674}.Debug|Any CPU.ActiveCfg = Debug|Any CPU
		{19DA9D1C-02ED-4B44-93C0-D3D32D300674}.Debug|Any CPU.Build.0 = Debug|Any CPU
		{19DA9D1C-02ED-4B44-93C0-D3D32D300674}.Release|Any CPU.ActiveCfg = Release|Any CPU
		{19DA9D1C-02ED-4B44-93C0-D3D32D300674}.Release|Any CPU.Build.0 = Release|Any CPU
	EndGlobalSection
	GlobalSection(SolutionProperties) = preSolution
		HideSolutionNode = FALSE
	EndGlobalSection
EndGlobal
