
Microsoft Visual Studio Solution File, Format Version 12.00
# Visual Studio 2012
Project("{FAE04EC0-301F-11D3-BF4B-00C04F79EFBC}") = "Chat", "Chat\Chat.csproj", "{DF6C61AB-C61C-4A8C-B5C3-C149D7D7B31D}"
EndProject
Project("{CC5FD16D-436D-48AD-A40C-5A424C6E3E79}") = "Chat.Azure", "Chat.Azure\Chat.Azure.ccproj", "{DE23F5FE-C6B8-4F80-B43B-45CBBA333012}"
EndProject
Global
	GlobalSection(SolutionConfigurationPlatforms) = preSolution
		Debug|Any CPU = Debug|Any CPU
		Release|Any CPU = Release|Any CPU
	EndGlobalSection
	GlobalSection(ProjectConfigurationPlatforms) = postSolution
		{DF6C61AB-C61C-4A8C-B5C3-C149D7D7B31D}.Debug|Any CPU.ActiveCfg = Debug|Any CPU
		{DF6C61AB-C61C-4A8C-B5C3-C149D7D7B31D}.Debug|Any CPU.Build.0 = Debug|Any CPU
		{DF6C61AB-C61C-4A8C-B5C3-C149D7D7B31D}.Release|Any CPU.ActiveCfg = Release|Any CPU
		{DF6C61AB-C61C-4A8C-B5C3-C149D7D7B31D}.Release|Any CPU.Build.0 = Release|Any CPU
		{DE23F5FE-C6B8-4F80-B43B-45CBBA333012}.Debug|Any CPU.ActiveCfg = Debug|Any CPU
		{DE23F5FE-C6B8-4F80-B43B-45CBBA333012}.Debug|Any CPU.Build.0 = Debug|Any CPU
		{DE23F5FE-C6B8-4F80-B43B-45CBBA333012}.Release|Any CPU.ActiveCfg = Release|Any CPU
		{DE23F5FE-C6B8-4F80-B43B-45CBBA333012}.Release|Any CPU.Build.0 = Release|Any CPU
	EndGlobalSection
	GlobalSection(SolutionProperties) = preSolution
		HideSolutionNode = FALSE
	EndGlobalSection
EndGlobal
